
Microsoft Visual Studio Solution File, Format Version 12.00
# Visual Studio Version 17
VisualStudioVersion = 17.1.32414.318
MinimumVisualStudioVersion = 10.0.40219.1
Project("{9A19103F-16F7-4668-BE54-9A1E7A4F7556}") = "Magic the Jackening", "Magic the Jackening\Magic the Jackening.csproj", "{6515CEDE-825D-4611-B3FF-CABCFDAA8D30}"
EndProject
Project("{9A19103F-16F7-4668-BE54-9A1E7A4F7556}") = "Magic", "Magic\Magic.csproj", "{7E8016A3-BD80-4397-9834-CF7C9C314609}"
EndProject
Project("{FAE04EC0-301F-11D3-BF4B-00C04F79EFBC}") = "Utilities", "Utilities\Utilities.csproj", "{7FEB0DB9-5F2D-49B1-A668-0842588B0CB5}"
EndProject
Global
	GlobalSection(SolutionConfigurationPlatforms) = preSolution
		Debug|Any CPU = Debug|Any CPU
		Release|Any CPU = Release|Any CPU
	EndGlobalSection
	GlobalSection(ProjectConfigurationPlatforms) = postSolution
		{6515CEDE-825D-4611-B3FF-CABCFDAA8D30}.Debug|Any CPU.ActiveCfg = Debug|Any CPU
		{6515CEDE-825D-4611-B3FF-CABCFDAA8D30}.Debug|Any CPU.Build.0 = Debug|Any CPU
		{6515CEDE-825D-4611-B3FF-CABCFDAA8D30}.Release|Any CPU.ActiveCfg = Release|Any CPU
		{6515CEDE-825D-4611-B3FF-CABCFDAA8D30}.Release|Any CPU.Build.0 = Release|Any CPU
		{7E8016A3-BD80-4397-9834-CF7C9C314609}.Debug|Any CPU.ActiveCfg = Debug|Any CPU
		{7E8016A3-BD80-4397-9834-CF7C9C314609}.Debug|Any CPU.Build.0 = Debug|Any CPU
		{7E8016A3-BD80-4397-9834-CF7C9C314609}.Release|Any CPU.ActiveCfg = Release|Any CPU
		{7E8016A3-BD80-4397-9834-CF7C9C314609}.Release|Any CPU.Build.0 = Release|Any CPU
		{7FEB0DB9-5F2D-49B1-A668-0842588B0CB5}.Debug|Any CPU.ActiveCfg = Debug|Any CPU
		{7FEB0DB9-5F2D-49B1-A668-0842588B0CB5}.Debug|Any CPU.Build.0 = Debug|Any CPU
		{7FEB0DB9-5F2D-49B1-A668-0842588B0CB5}.Release|Any CPU.ActiveCfg = Release|Any CPU
		{7FEB0DB9-5F2D-49B1-A668-0842588B0CB5}.Release|Any CPU.Build.0 = Release|Any CPU
	EndGlobalSection
	GlobalSection(SolutionProperties) = preSolution
		HideSolutionNode = FALSE
	EndGlobalSection
	GlobalSection(ExtensibilityGlobals) = postSolution
		SolutionGuid = {BC06E569-6906-48A2-AE4F-2B5923B1BF91}
	EndGlobalSection
EndGlobal
