
Microsoft Visual Studio Solution File, Format Version 12.00
# Visual Studio Version 17
VisualStudioVersion = 17.1.32414.318
MinimumVisualStudioVersion = 10.0.40219.1
Project("{FAE04EC0-301F-11D3-BF4B-00C04F79EFBC}") = "Random Coding", "Random Coding\Random Coding.csproj", "{29DBFF99-1C2F-4973-91E8-D77C44D71BBA}"
EndProject
Global
	GlobalSection(SolutionConfigurationPlatforms) = preSolution
		Debug|Any CPU = Debug|Any CPU
		Release|Any CPU = Release|Any CPU
	EndGlobalSection
	GlobalSection(ProjectConfigurationPlatforms) = postSolution
		{29DBFF99-1C2F-4973-91E8-D77C44D71BBA}.Debug|Any CPU.ActiveCfg = Debug|Any CPU
		{29DBFF99-1C2F-4973-91E8-D77C44D71BBA}.Debug|Any CPU.Build.0 = Debug|Any CPU
		{29DBFF99-1C2F-4973-91E8-D77C44D71BBA}.Release|Any CPU.ActiveCfg = Release|Any CPU
		{29DBFF99-1C2F-4973-91E8-D77C44D71BBA}.Release|Any CPU.Build.0 = Release|Any CPU
	EndGlobalSection
	GlobalSection(SolutionProperties) = preSolution
		HideSolutionNode = FALSE
	EndGlobalSection
	GlobalSection(ExtensibilityGlobals) = postSolution
		SolutionGuid = {43F54DC9-C118-45DB-B078-ABEEBAD8D3C9}
	EndGlobalSection
EndGlobal
